
Microsoft Visual Studio Solution File, Format Version 9.00
# Visual Studio 2005
Project("{6989167D-11E4-40FE-8C1A-2192A86A7E90}") = "dbxl", "dbxl.vfproj", "{0F8529D6-3876-4D30-8E6A-81AC11336D1F}"
EndProject
Global
	GlobalSection(SolutionConfigurationPlatforms) = preSolution
		Debug|Win32 = Debug|Win32
		Release|Win32 = Release|Win32
	EndGlobalSection
	GlobalSection(ProjectConfigurationPlatforms) = postSolution
		{0F8529D6-3876-4D30-8E6A-81AC11336D1F}.Debug|Win32.ActiveCfg = Debug|Win32
		{0F8529D6-3876-4D30-8E6A-81AC11336D1F}.Debug|Win32.Build.0 = Debug|Win32
		{0F8529D6-3876-4D30-8E6A-81AC11336D1F}.Release|Win32.ActiveCfg = Release|Win32
		{0F8529D6-3876-4D30-8E6A-81AC11336D1F}.Release|Win32.Build.0 = Release|Win32
	EndGlobalSection
	GlobalSection(SolutionProperties) = preSolution
		HideSolutionNode = FALSE
	EndGlobalSection
EndGlobal
